<?xml version="1.0" encoding="utf-8"?>
<Project ToolsVersion="4.0" xmlns="http://schemas.microsoft.com/developer/msbuild/2003">
  <ItemGroup>
    <Filter Include="Source Files">
      <UniqueIdentifier>{4FC737F1-C7A5-4376-A066-2A32D752A2FF}</UniqueIdentifier>
      <Extensions>cpp;c;cc;cxx;def;odl;idl;hpj;bat;asm;asmx</Extensions>
    </Filter>
    <Filter Include="Source Files\ECS">
      <UniqueIdentifier>{4f1fb031-b294-4128-b78d-bdf508f801ee}</UniqueIdentifier>
    </Filter>
    <Filter Include="Source Files\ECS\Components">
      <UniqueIdentifier>{14ff15bd-b737-4cac-8e54-b4b3ff30eb7e}</UniqueIdentifier>
    </Filter>
    <Filter Include="Source Files\ECS\Entity">
      <UniqueIdentifier>{3f75cbb0-3622-4d42-955b-79273a949237}</UniqueIdentifier>
    </Filter>
    <Filter Include="Source Files\ECS\Systems">
      <UniqueIdentifier>{80fa2faa-37fa-4348-a592-0fdbf7f407a9}</UniqueIdentifier>
    </Filter>
    <Filter Include="Source Files\Engine">
      <UniqueIdentifier>{bc39d910-6912-432d-84b3-428d7608284a}</UniqueIdentifier>
    </Filter>
    <Filter Include="Source Files\Engine\Game">
      <UniqueIdentifier>{462191b1-e0bd-40a8-a383-231f28279318}</UniqueIdentifier>
    </Filter>
    <Filter Include="Source Files\Engine\Loops">
      <UniqueIdentifier>{4838219a-94cb-463b-b71f-f6f6cc5f282b}</UniqueIdentifier>
    </Filter>
    <Filter Include="Source Files\Engine\Time">
      <UniqueIdentifier>{c746f6f5-8892-4c8d-b1a5-9328c14971e9}</UniqueIdentifier>
    </Filter>
    <Filter Include="Source Files\Math">
      <UniqueIdentifier>{732a7218-be49-426c-949c-6367749133ae}</UniqueIdentifier>
    </Filter>
    <Filter Include="Source Files\Scenes">
      <UniqueIdentifier>{ce07d6a1-6db5-438d-b28b-c7b716a6708f}</UniqueIdentifier>
    </Filter>
    <Filter Include="Source Files\Enums">
      <UniqueIdentifier>{6afe9adc-02b8-4003-bde1-565f8539e4aa}</UniqueIdentifier>
    </Filter>
    <Filter Include="Source Files\Math\Vectors">
      <UniqueIdentifier>{a7a90b53-7c5c-42d6-b1bf-d1b85d92436e}</UniqueIdentifier>
    </Filter>
    <Filter Include="Source Files\Math\Pi">
      <UniqueIdentifier>{1211317a-6f52-4335-aeb6-a0b7e0eb66d9}</UniqueIdentifier>
    </Filter>
    <Filter Include="Source Files\ECS\Components\Renderers">
      <UniqueIdentifier>{ccbbbdd6-e9f2-4592-9dde-34a9a0f8239c}</UniqueIdentifier>
    </Filter>
    <Filter Include="Source Files\ECS\Components\Colliders">
      <UniqueIdentifier>{e6905b97-5db0-45ca-a077-a55f0d0bc689}</UniqueIdentifier>
    </Filter>
    <Filter Include="Source Files\ECS\Components\Basic">
      <UniqueIdentifier>{d0abfed1-01cd-4635-833f-c5b12bb17cbe}</UniqueIdentifier>
    </Filter>
    <Filter Include="Source Files\ECS\Components\Gameplay">
      <UniqueIdentifier>{d3cc5d70-007d-4470-ac26-19c7156c7987}</UniqueIdentifier>
    </Filter>
    <Filter Include="Source Files\ECS\Components\Physics">
      <UniqueIdentifier>{dc8b9edd-bb33-4f32-818b-c4dc5d8b098b}</UniqueIdentifier>
    </Filter>
    <Filter Include="Source Files\Loaders">
      <UniqueIdentifier>{feeb1697-bd0e-4ebc-958a-6406f1d92521}</UniqueIdentifier>
    </Filter>
  </ItemGroup>
  <ItemGroup>
    <ClCompile Include="main.cpp" />
    <ClCompile Include="stasis.cpp">
      <Filter>Source Files\Engine\Time</Filter>
    </ClCompile>
    <ClCompile Include="vec.cpp">
      <Filter>Source Files\Math\Vectors</Filter>
    </ClCompile>
    <ClCompile Include="scene_01.cpp">
      <Filter>Source Files\Scenes</Filter>
    </ClCompile>
    <ClCompile Include="pi.cpp">
      <Filter>Source Files\Math\Pi</Filter>
    </ClCompile>
    <ClCompile Include="entity.cpp">
      <Filter>Source Files\ECS\Entity</Filter>
    </ClCompile>
    <ClCompile Include="sys_physics.cpp">
      <Filter>Source Files\ECS\Systems</Filter>
    </ClCompile>
    <ClCompile Include="sys_player.cpp">
      <Filter>Source Files\ECS\Systems</Filter>
    </ClCompile>
    <ClCompile Include="sys_balls.cpp">
      <Filter>Source Files\ECS\Systems</Filter>
    </ClCompile>
    <ClCompile Include="sys_hook.cpp">
      <Filter>Source Files\ECS\Systems</Filter>
    </ClCompile>
    <ClCompile Include="sprite_loader.cpp">
      <Filter>Source Files\Loaders</Filter>
    </ClCompile>
    <ClCompile Include="sys_explosions.cpp">
      <Filter>Source Files\ECS\Systems</Filter>
    </ClCompile>
    <ClCompile Include="game.cpp">
      <Filter>Source Files\Engine\Game</Filter>
    </ClCompile>
    <ClCompile Include="logic.cpp">
      <Filter>Source Files\Engine\Loops</Filter>
    </ClCompile>
    <ClCompile Include="input.cpp">
      <Filter>Source Files\Engine\Loops</Filter>
    </ClCompile>
    <ClCompile Include="render.cpp">
      <Filter>Source Files\Engine\Loops</Filter>
    </ClCompile>
    <ClCompile Include="rect_renderer.h">
      <Filter>Source Files\ECS\Components\Renderers</Filter>
    </ClCompile>
    <ClCompile Include="gameobject.h">
      <Filter>Source Files\ECS\Components\Basic</Filter>
    </ClCompile>
    <ClCompile Include="size.cpp">
      <Filter>Source Files\Enums</Filter>
    </ClCompile>
    <ClCompile Include="font_loader.cpp">
      <Filter>Source Files\Loaders</Filter>
    </ClCompile>
    <ClCompile Include="scene_mm.cpp">
      <Filter>Source Files\Scenes</Filter>
    </ClCompile>
    <ClCompile Include="sys_ui.cpp">
      <Filter>Source Files\ECS\Systems</Filter>
    </ClCompile>
    <ClCompile Include="system.cpp">
      <Filter>Source Files\ECS\Systems</Filter>
    </ClCompile>
    <ClCompile Include="scene_loader.cpp">
      <Filter>Source Files\Loaders</Filter>
    </ClCompile>
    <ClCompile Include="scene_bee.cpp">
      <Filter>Source Files\Scenes</Filter>
    </ClCompile>
    <ClCompile Include="sys_bee.cpp">
      <Filter>Source Files\ECS\Systems</Filter>
    </ClCompile>
    <ClCompile Include="asset_loader.cpp">
      <Filter>Source Files\Loaders</Filter>
    </ClCompile>
    <ClCompile Include="sys_image.cpp">
      <Filter>Source Files</Filter>
    </ClCompile>
  </ItemGroup>
  <ItemGroup>
    <ClInclude Include="stasis.h">
      <Filter>Source Files\Engine\Time</Filter>
    </ClInclude>
    <ClInclude Include="vec.h">
      <Filter>Source Files\Math\Vectors</Filter>
    </ClInclude>
    <ClInclude Include="scene_01.h">
      <Filter>Source Files\Scenes</Filter>
    </ClInclude>
    <ClInclude Include="pi.h">
      <Filter>Source Files\Math\Pi</Filter>
    </ClInclude>
    <ClInclude Include="entity.h">
      <Filter>Source Files\ECS\Entity</Filter>
    </ClInclude>
    <ClInclude Include="sys_physics.h">
      <Filter>Source Files\ECS\Systems</Filter>
    </ClInclude>
    <ClInclude Include="sys_player.h">
      <Filter>Source Files\ECS\Systems</Filter>
    </ClInclude>
    <ClInclude Include="sys_balls.h">
      <Filter>Source Files\ECS\Systems</Filter>
    </ClInclude>
    <ClInclude Include="sys_hook.h">
      <Filter>Source Files\ECS\Systems</Filter>
    </ClInclude>
    <ClInclude Include="sprite_loader.h">
      <Filter>Source Files\Loaders</Filter>
    </ClInclude>
    <ClInclude Include="sprite.h">
      <Filter>Source Files\Loaders</Filter>
    </ClInclude>
    <ClInclude Include="sys_explosions.h">
      <Filter>Source Files\ECS\Systems</Filter>
    </ClInclude>
    <ClInclude Include="game.h">
      <Filter>Source Files\Engine\Game</Filter>
    </ClInclude>
    <ClInclude Include="logic.h">
      <Filter>Source Files\Engine\Loops</Filter>
    </ClInclude>
    <ClInclude Include="input.h">
      <Filter>Source Files\Engine\Loops</Filter>
    </ClInclude>
    <ClInclude Include="render.h">
      <Filter>Source Files\Engine\Loops</Filter>
    </ClInclude>
    <ClInclude Include="keycode.h">
      <Filter>Source Files\Enums</Filter>
    </ClInclude>
    <ClInclude Include="sprite_renderer.h">
      <Filter>Source Files\ECS\Components\Renderers</Filter>
    </ClInclude>
    <ClInclude Include="circle_collider.h">
      <Filter>Source Files\ECS\Components\Colliders</Filter>
    </ClInclude>
    <ClInclude Include="square_collider.h">
      <Filter>Source Files\ECS\Components\Colliders</Filter>
    </ClInclude>
    <ClInclude Include="color.h">
      <Filter>Source Files\Math</Filter>
    </ClInclude>
    <ClInclude Include="oval_renderer.h">
      <Filter>Source Files\ECS\Components\Renderers</Filter>
    </ClInclude>
    <ClInclude Include="sprite_animation.h">
      <Filter>Source Files\ECS\Components\Renderers</Filter>
    </ClInclude>
    <ClInclude Include="transform.h">
      <Filter>Source Files\ECS\Components\Basic</Filter>
    </ClInclude>
    <ClInclude Include="rigidbody.h">
      <Filter>Source Files\ECS\Components\Physics</Filter>
    </ClInclude>
    <ClInclude Include="ball.h">
      <Filter>Source Files\ECS\Components\Gameplay</Filter>
    </ClInclude>
    <ClInclude Include="explosion.h">
      <Filter>Source Files\ECS\Components\Gameplay</Filter>
    </ClInclude>
    <ClInclude Include="hook.h">
      <Filter>Source Files\ECS\Components\Gameplay</Filter>
    </ClInclude>
    <ClInclude Include="player.h">
      <Filter>Source Files\ECS\Components\Gameplay</Filter>
    </ClInclude>
    <ClInclude Include="size.h">
      <Filter>Source Files\Enums</Filter>
    </ClInclude>
    <ClInclude Include="font_loader.h">
      <Filter>Source Files\Loaders</Filter>
    </ClInclude>
    <ClInclude Include="scene_mm.h">
      <Filter>Source Files\Scenes</Filter>
    </ClInclude>
    <ClInclude Include="sys_ui.h">
      <Filter>Source Files\ECS\Systems</Filter>
    </ClInclude>
    <ClInclude Include="font.h">
      <Filter>Source Files\Loaders</Filter>
    </ClInclude>
    <ClInclude Include="textbox.h">
      <Filter>Source Files\ECS\Components\Renderers</Filter>
    </ClInclude>
    <ClInclude Include="system.h">
      <Filter>Source Files\ECS\Systems</Filter>
    </ClInclude>
    <ClInclude Include="scene_loader.h">
      <Filter>Source Files\Loaders</Filter>
    </ClInclude>
    <ClInclude Include="scene.h">
      <Filter>Source Files\Loaders</Filter>
    </ClInclude>
    <ClInclude Include="scene_bee.h">
      <Filter>Source Files\Scenes</Filter>
    </ClInclude>
    <ClInclude Include="sys_bee.h">
      <Filter>Source Files\ECS\Systems</Filter>
    </ClInclude>
    <ClInclude Include="bee.h">
      <Filter>Source Files\ECS\Components\Gameplay</Filter>
    </ClInclude>
    <ClInclude Include="asset_loader.h">
      <Filter>Source Files\Loaders</Filter>
    </ClInclude>
    <ClInclude Include="texture.h">
      <Filter>Source Files\Loaders</Filter>
    </ClInclude>
    <ClInclude Include="sys_image.h" />
  </ItemGroup>
</Project>